
Microsoft Visual Studio Solution File, Format Version 12.00
# Visual Studio Version 17
VisualStudioVersion = 17.0.31903.59
MinimumVisualStudioVersion = 10.0.40219.1
Project("{2150E333-8FDC-42A3-9474-1A3956D46DE8}") = "src", "src", "{827E0CD3-B72D-47B6-A68D-7590B98EB39B}"
EndProject
Project("{FAE04EC0-301F-11D3-BF4B-00C04F79EFBC}") = "Application", "src\Application\Application.csproj", "{EC989C64-6ABF-47DD-A1A2-6560A967CC2D}"
EndProject
Project("{FAE04EC0-301F-11D3-BF4B-00C04F79EFBC}") = "Domain", "src\Domain\Domain.csproj", "{5C182FFA-CC2A-45AF-98E8-41C08602931F}"
EndProject
Project("{FAE04EC0-301F-11D3-BF4B-00C04F79EFBC}") = "Infrastructure", "src\Infrastructure\Infrastructure.csproj", "{0256EDF5-4F59-4038-B084-2F420C789352}"
EndProject
Project("{FAE04EC0-301F-11D3-BF4B-00C04F79EFBC}") = "API", "src\API\API.csproj", "{491762B3-835D-4935-B691-E112DD3FED78}"
EndProject
Project("{2150E333-8FDC-42A3-9474-1A3956D46DE8}") = "tests", "tests", "{0AB3BF05-4346-4AA6-1389-037BE0695223}"
EndProject
Project("{FAE04EC0-301F-11D3-BF4B-00C04F79EFBC}") = "Persistence", "src\Persistence\Persistence.csproj", "{803328A4-B929-4763-B494-24ADF1546770}"
EndProject
Project("{FAE04EC0-301F-11D3-BF4B-00C04F79EFBC}") = "IntegrationTests", "tests\IntegrationTests\IntegrationTests.csproj", "{E609B7B2-83BA-498C-8B57-13E1418A606D}"
EndProject
Project("{FAE04EC0-301F-11D3-BF4B-00C04F79EFBC}") = "UnitTests", "tests\UnitTests\UnitTests.csproj", "{D0512964-906E-4430-9A2B-8DFE1DF2A09F}"
EndProject
Global
	GlobalSection(SolutionConfigurationPlatforms) = preSolution
		Debug|Any CPU = Debug|Any CPU
		Debug|x64 = Debug|x64
		Debug|x86 = Debug|x86
		Release|Any CPU = Release|Any CPU
		Release|x64 = Release|x64
		Release|x86 = Release|x86
	EndGlobalSection
	GlobalSection(ProjectConfigurationPlatforms) = postSolution
		{EC989C64-6ABF-47DD-A1A2-6560A967CC2D}.Debug|Any CPU.ActiveCfg = Debug|Any CPU
		{EC989C64-6ABF-47DD-A1A2-6560A967CC2D}.Debug|Any CPU.Build.0 = Debug|Any CPU
		{EC989C64-6ABF-47DD-A1A2-6560A967CC2D}.Debug|x64.ActiveCfg = Debug|Any CPU
		{EC989C64-6ABF-47DD-A1A2-6560A967CC2D}.Debug|x64.Build.0 = Debug|Any CPU
		{EC989C64-6ABF-47DD-A1A2-6560A967CC2D}.Debug|x86.ActiveCfg = Debug|Any CPU
		{EC989C64-6ABF-47DD-A1A2-6560A967CC2D}.Debug|x86.Build.0 = Debug|Any CPU
		{EC989C64-6ABF-47DD-A1A2-6560A967CC2D}.Release|Any CPU.ActiveCfg = Release|Any CPU
		{EC989C64-6ABF-47DD-A1A2-6560A967CC2D}.Release|Any CPU.Build.0 = Release|Any CPU
		{EC989C64-6ABF-47DD-A1A2-6560A967CC2D}.Release|x64.ActiveCfg = Release|Any CPU
		{EC989C64-6ABF-47DD-A1A2-6560A967CC2D}.Release|x64.Build.0 = Release|Any CPU
		{EC989C64-6ABF-47DD-A1A2-6560A967CC2D}.Release|x86.ActiveCfg = Release|Any CPU
		{EC989C64-6ABF-47DD-A1A2-6560A967CC2D}.Release|x86.Build.0 = Release|Any CPU
		{5C182FFA-CC2A-45AF-98E8-41C08602931F}.Debug|Any CPU.ActiveCfg = Debug|Any CPU
		{5C182FFA-CC2A-45AF-98E8-41C08602931F}.Debug|Any CPU.Build.0 = Debug|Any CPU
		{5C182FFA-CC2A-45AF-98E8-41C08602931F}.Debug|x64.ActiveCfg = Debug|Any CPU
		{5C182FFA-CC2A-45AF-98E8-41C08602931F}.Debug|x64.Build.0 = Debug|Any CPU
		{5C182FFA-CC2A-45AF-98E8-41C08602931F}.Debug|x86.ActiveCfg = Debug|Any CPU
		{5C182FFA-CC2A-45AF-98E8-41C08602931F}.Debug|x86.Build.0 = Debug|Any CPU
		{5C182FFA-CC2A-45AF-98E8-41C08602931F}.Release|Any CPU.ActiveCfg = Release|Any CPU
		{5C182FFA-CC2A-45AF-98E8-41C08602931F}.Release|Any CPU.Build.0 = Release|Any CPU
		{5C182FFA-CC2A-45AF-98E8-41C08602931F}.Release|x64.ActiveCfg = Release|Any CPU
		{5C182FFA-CC2A-45AF-98E8-41C08602931F}.Release|x64.Build.0 = Release|Any CPU
		{5C182FFA-CC2A-45AF-98E8-41C08602931F}.Release|x86.ActiveCfg = Release|Any CPU
		{5C182FFA-CC2A-45AF-98E8-41C08602931F}.Release|x86.Build.0 = Release|Any CPU
		{0256EDF5-4F59-4038-B084-2F420C789352}.Debug|Any CPU.ActiveCfg = Debug|Any CPU
		{0256EDF5-4F59-4038-B084-2F420C789352}.Debug|Any CPU.Build.0 = Debug|Any CPU
		{0256EDF5-4F59-4038-B084-2F420C789352}.Debug|x64.ActiveCfg = Debug|Any CPU
		{0256EDF5-4F59-4038-B084-2F420C789352}.Debug|x64.Build.0 = Debug|Any CPU
		{0256EDF5-4F59-4038-B084-2F420C789352}.Debug|x86.ActiveCfg = Debug|Any CPU
		{0256EDF5-4F59-4038-B084-2F420C789352}.Debug|x86.Build.0 = Debug|Any CPU
		{0256EDF5-4F59-4038-B084-2F420C789352}.Release|Any CPU.ActiveCfg = Release|Any CPU
		{0256EDF5-4F59-4038-B084-2F420C789352}.Release|Any CPU.Build.0 = Release|Any CPU
		{0256EDF5-4F59-4038-B084-2F420C789352}.Release|x64.ActiveCfg = Release|Any CPU
		{0256EDF5-4F59-4038-B084-2F420C789352}.Release|x64.Build.0 = Release|Any CPU
		{0256EDF5-4F59-4038-B084-2F420C789352}.Release|x86.ActiveCfg = Release|Any CPU
		{0256EDF5-4F59-4038-B084-2F420C789352}.Release|x86.Build.0 = Release|Any CPU
		{491762B3-835D-4935-B691-E112DD3FED78}.Debug|Any CPU.ActiveCfg = Debug|Any CPU
		{491762B3-835D-4935-B691-E112DD3FED78}.Debug|Any CPU.Build.0 = Debug|Any CPU
		{491762B3-835D-4935-B691-E112DD3FED78}.Debug|x64.ActiveCfg = Debug|Any CPU
		{491762B3-835D-4935-B691-E112DD3FED78}.Debug|x64.Build.0 = Debug|Any CPU
		{491762B3-835D-4935-B691-E112DD3FED78}.Debug|x86.ActiveCfg = Debug|Any CPU
		{491762B3-835D-4935-B691-E112DD3FED78}.Debug|x86.Build.0 = Debug|Any CPU
		{491762B3-835D-4935-B691-E112DD3FED78}.Release|Any CPU.ActiveCfg = Release|Any CPU
		{491762B3-835D-4935-B691-E112DD3FED78}.Release|Any CPU.Build.0 = Release|Any CPU
		{491762B3-835D-4935-B691-E112DD3FED78}.Release|x64.ActiveCfg = Release|Any CPU
		{491762B3-835D-4935-B691-E112DD3FED78}.Release|x64.Build.0 = Release|Any CPU
		{491762B3-835D-4935-B691-E112DD3FED78}.Release|x86.ActiveCfg = Release|Any CPU
		{491762B3-835D-4935-B691-E112DD3FED78}.Release|x86.Build.0 = Release|Any CPU
		{803328A4-B929-4763-B494-24ADF1546770}.Debug|Any CPU.ActiveCfg = Debug|Any CPU
		{803328A4-B929-4763-B494-24ADF1546770}.Debug|Any CPU.Build.0 = Debug|Any CPU
		{803328A4-B929-4763-B494-24ADF1546770}.Debug|x64.ActiveCfg = Debug|Any CPU
		{803328A4-B929-4763-B494-24ADF1546770}.Debug|x64.Build.0 = Debug|Any CPU
		{803328A4-B929-4763-B494-24ADF1546770}.Debug|x86.ActiveCfg = Debug|Any CPU
		{803328A4-B929-4763-B494-24ADF1546770}.Debug|x86.Build.0 = Debug|Any CPU
		{803328A4-B929-4763-B494-24ADF1546770}.Release|Any CPU.ActiveCfg = Release|Any CPU
		{803328A4-B929-4763-B494-24ADF1546770}.Release|Any CPU.Build.0 = Release|Any CPU
		{803328A4-B929-4763-B494-24ADF1546770}.Release|x64.ActiveCfg = Release|Any CPU
		{803328A4-B929-4763-B494-24ADF1546770}.Release|x64.Build.0 = Release|Any CPU
		{803328A4-B929-4763-B494-24ADF1546770}.Release|x86.ActiveCfg = Release|Any CPU
		{803328A4-B929-4763-B494-24ADF1546770}.Release|x86.Build.0 = Release|Any CPU
		{E609B7B2-83BA-498C-8B57-13E1418A606D}.Debug|Any CPU.ActiveCfg = Debug|Any CPU
		{E609B7B2-83BA-498C-8B57-13E1418A606D}.Debug|Any CPU.Build.0 = Debug|Any CPU
		{E609B7B2-83BA-498C-8B57-13E1418A606D}.Debug|x64.ActiveCfg = Debug|Any CPU
		{E609B7B2-83BA-498C-8B57-13E1418A606D}.Debug|x64.Build.0 = Debug|Any CPU
		{E609B7B2-83BA-498C-8B57-13E1418A606D}.Debug|x86.ActiveCfg = Debug|Any CPU
		{E609B7B2-83BA-498C-8B57-13E1418A606D}.Debug|x86.Build.0 = Debug|Any CPU
		{E609B7B2-83BA-498C-8B57-13E1418A606D}.Release|Any CPU.ActiveCfg = Release|Any CPU
		{E609B7B2-83BA-498C-8B57-13E1418A606D}.Release|Any CPU.Build.0 = Release|Any CPU
		{E609B7B2-83BA-498C-8B57-13E1418A606D}.Release|x64.ActiveCfg = Release|Any CPU
		{E609B7B2-83BA-498C-8B57-13E1418A606D}.Release|x64.Build.0 = Release|Any CPU
		{E609B7B2-83BA-498C-8B57-13E1418A606D}.Release|x86.ActiveCfg = Release|Any CPU
		{E609B7B2-83BA-498C-8B57-13E1418A606D}.Release|x86.Build.0 = Release|Any CPU
		{D0512964-906E-4430-9A2B-8DFE1DF2A09F}.Debug|Any CPU.ActiveCfg = Debug|Any CPU
		{D0512964-906E-4430-9A2B-8DFE1DF2A09F}.Debug|Any CPU.Build.0 = Debug|Any CPU
		{D0512964-906E-4430-9A2B-8DFE1DF2A09F}.Debug|x64.ActiveCfg = Debug|Any CPU
		{D0512964-906E-4430-9A2B-8DFE1DF2A09F}.Debug|x64.Build.0 = Debug|Any CPU
		{D0512964-906E-4430-9A2B-8DFE1DF2A09F}.Debug|x86.ActiveCfg = Debug|Any CPU
		{D0512964-906E-4430-9A2B-8DFE1DF2A09F}.Debug|x86.Build.0 = Debug|Any CPU
		{D0512964-906E-4430-9A2B-8DFE1DF2A09F}.Release|Any CPU.ActiveCfg = Release|Any CPU
		{D0512964-906E-4430-9A2B-8DFE1DF2A09F}.Release|Any CPU.Build.0 = Release|Any CPU
		{D0512964-906E-4430-9A2B-8DFE1DF2A09F}.Release|x64.ActiveCfg = Release|Any CPU
		{D0512964-906E-4430-9A2B-8DFE1DF2A09F}.Release|x64.Build.0 = Release|Any CPU
		{D0512964-906E-4430-9A2B-8DFE1DF2A09F}.Release|x86.ActiveCfg = Release|Any CPU
		{D0512964-906E-4430-9A2B-8DFE1DF2A09F}.Release|x86.Build.0 = Release|Any CPU
	EndGlobalSection
	GlobalSection(SolutionProperties) = preSolution
		HideSolutionNode = FALSE
	EndGlobalSection
	GlobalSection(NestedProjects) = preSolution
		{EC989C64-6ABF-47DD-A1A2-6560A967CC2D} = {827E0CD3-B72D-47B6-A68D-7590B98EB39B}
		{5C182FFA-CC2A-45AF-98E8-41C08602931F} = {827E0CD3-B72D-47B6-A68D-7590B98EB39B}
		{0256EDF5-4F59-4038-B084-2F420C789352} = {827E0CD3-B72D-47B6-A68D-7590B98EB39B}
		{491762B3-835D-4935-B691-E112DD3FED78} = {827E0CD3-B72D-47B6-A68D-7590B98EB39B}
		{803328A4-B929-4763-B494-24ADF1546770} = {827E0CD3-B72D-47B6-A68D-7590B98EB39B}
		{E609B7B2-83BA-498C-8B57-13E1418A606D} = {0AB3BF05-4346-4AA6-1389-037BE0695223}
		{D0512964-906E-4430-9A2B-8DFE1DF2A09F} = {0AB3BF05-4346-4AA6-1389-037BE0695223}
	EndGlobalSection
EndGlobal
